
Microsoft Visual Studio Solution File, Format Version 12.00
# Visual Studio Version 17
VisualStudioVersion = 17.7.34221.43
MinimumVisualStudioVersion = 10.0.40219.1
Project("{FAE04EC0-301F-11D3-BF4B-00C04F79EFBC}") = "Proyecto arrendamiento", "Proyecto arrendamiento\Proyecto arrendamiento.csproj", "{01313950-AFF1-4F46-B7C7-2B017B71EE2B}"
EndProject
Global
	GlobalSection(SolutionConfigurationPlatforms) = preSolution
		Debug|Any CPU = Debug|Any CPU
		Release|Any CPU = Release|Any CPU
	EndGlobalSection
	GlobalSection(ProjectConfigurationPlatforms) = postSolution
		{01313950-AFF1-4F46-B7C7-2B017B71EE2B}.Debug|Any CPU.ActiveCfg = Debug|Any CPU
		{01313950-AFF1-4F46-B7C7-2B017B71EE2B}.Debug|Any CPU.Build.0 = Debug|Any CPU
		{01313950-AFF1-4F46-B7C7-2B017B71EE2B}.Release|Any CPU.ActiveCfg = Release|Any CPU
		{01313950-AFF1-4F46-B7C7-2B017B71EE2B}.Release|Any CPU.Build.0 = Release|Any CPU
	EndGlobalSection
	GlobalSection(SolutionProperties) = preSolution
		HideSolutionNode = FALSE
	EndGlobalSection
	GlobalSection(ExtensibilityGlobals) = postSolution
		SolutionGuid = {98978AFD-5C63-425B-ADA0-23D0F536E449}
	EndGlobalSection
EndGlobal
