
Microsoft Visual Studio Solution File, Format Version 12.00
# Visual Studio Version 17
VisualStudioVersion = 17.6.33723.286
MinimumVisualStudioVersion = 10.0.40219.1
Project("{9A19103F-16F7-4668-BE54-9A1E7A4F7556}") = "ArriendoPrototipo", "ArriendoPrototipo\ArriendoPrototipo.csproj", "{131671A2-0FAB-476B-8DF1-A0C731795495}"
EndProject
Global
	GlobalSection(SolutionConfigurationPlatforms) = preSolution
		Debug|Any CPU = Debug|Any CPU
		Release|Any CPU = Release|Any CPU
	EndGlobalSection
	GlobalSection(ProjectConfigurationPlatforms) = postSolution
		{131671A2-0FAB-476B-8DF1-A0C731795495}.Debug|Any CPU.ActiveCfg = Debug|Any CPU
		{131671A2-0FAB-476B-8DF1-A0C731795495}.Debug|Any CPU.Build.0 = Debug|Any CPU
		{131671A2-0FAB-476B-8DF1-A0C731795495}.Release|Any CPU.ActiveCfg = Release|Any CPU
		{131671A2-0FAB-476B-8DF1-A0C731795495}.Release|Any CPU.Build.0 = Release|Any CPU
	EndGlobalSection
	GlobalSection(SolutionProperties) = preSolution
		HideSolutionNode = FALSE
	EndGlobalSection
	GlobalSection(ExtensibilityGlobals) = postSolution
		SolutionGuid = {7DA028A9-38D0-4CEA-9835-84E8D369FB19}
	EndGlobalSection
EndGlobal
